
Microsoft Visual Studio Solution File, Format Version 12.00
# Visual Studio 2015
Project("{FAE04EC0-301F-11D3-BF4B-00C04F79EFBC}") = "Sierotka.Plugins", "Sierotka.Plugins.csproj", "{68173529-5EB3-D44F-ED24-486EDB0926EE}"
EndProject
Project("{FAE04EC0-301F-11D3-BF4B-00C04F79EFBC}") = "Sierotka", "Sierotka.csproj", "{7F28D6B7-833D-ACEF-0123-B692C12AE1E8}"
EndProject
Project("{FAE04EC0-301F-11D3-BF4B-00C04F79EFBC}") = "Sierotka.Editor.Plugins", "Sierotka.Editor.Plugins.csproj", "{29F7B99C-11DA-2CD5-C541-51F93BBE2C25}"
EndProject
Global
	GlobalSection(SolutionConfigurationPlatforms) = preSolution
		Debug|Any CPU = Debug|Any CPU
		Release|Any CPU = Release|Any CPU
	EndGlobalSection
	GlobalSection(ProjectConfigurationPlatforms) = postSolution
		{68173529-5EB3-D44F-ED24-486EDB0926EE}.Debug|Any CPU.ActiveCfg = Debug|Any CPU
		{68173529-5EB3-D44F-ED24-486EDB0926EE}.Debug|Any CPU.Build.0 = Debug|Any CPU
		{68173529-5EB3-D44F-ED24-486EDB0926EE}.Release|Any CPU.ActiveCfg = Release|Any CPU
		{68173529-5EB3-D44F-ED24-486EDB0926EE}.Release|Any CPU.Build.0 = Release|Any CPU
		{7F28D6B7-833D-ACEF-0123-B692C12AE1E8}.Debug|Any CPU.ActiveCfg = Debug|Any CPU
		{7F28D6B7-833D-ACEF-0123-B692C12AE1E8}.Debug|Any CPU.Build.0 = Debug|Any CPU
		{7F28D6B7-833D-ACEF-0123-B692C12AE1E8}.Release|Any CPU.ActiveCfg = Release|Any CPU
		{7F28D6B7-833D-ACEF-0123-B692C12AE1E8}.Release|Any CPU.Build.0 = Release|Any CPU
		{29F7B99C-11DA-2CD5-C541-51F93BBE2C25}.Debug|Any CPU.ActiveCfg = Debug|Any CPU
		{29F7B99C-11DA-2CD5-C541-51F93BBE2C25}.Debug|Any CPU.Build.0 = Debug|Any CPU
		{29F7B99C-11DA-2CD5-C541-51F93BBE2C25}.Release|Any CPU.ActiveCfg = Release|Any CPU
		{29F7B99C-11DA-2CD5-C541-51F93BBE2C25}.Release|Any CPU.Build.0 = Release|Any CPU
	EndGlobalSection
	GlobalSection(SolutionProperties) = preSolution
		HideSolutionNode = FALSE
	EndGlobalSection
EndGlobal
